
Microsoft Visual Studio Solution File, Format Version 12.00
# Visual Studio Version 16
VisualStudioVersion = 16.0.30002.166
MinimumVisualStudioVersion = 10.0.40219.1
Project("{FAE04EC0-301F-11D3-BF4B-00C04F79EFBC}") = "Конструирование алгоритмов (Графы)", "Конструирование алгоритмов (Графы)\Конструирование алгоритмов (Графы).csproj", "{B22FD25E-41DE-4456-A468-B54DCAA9CED6}"
EndProject
Project("{FAE04EC0-301F-11D3-BF4B-00C04F79EFBC}") = "GraphUser", "WindowsFormsApp1\GraphUser.csproj", "{651C3D83-EC11-4EB0-848C-C29906169812}"
EndProject
Project("{FAE04EC0-301F-11D3-BF4B-00C04F79EFBC}") = "OperationsOnGraph", "OperationsOnGraph\OperationsOnGraph.csproj", "{552CD3AD-509A-4F7E-B1B7-5C94CECFCBE2}"
EndProject
Global
	GlobalSection(SolutionConfigurationPlatforms) = preSolution
		Debug|Any CPU = Debug|Any CPU
		Release|Any CPU = Release|Any CPU
	EndGlobalSection
	GlobalSection(ProjectConfigurationPlatforms) = postSolution
		{B22FD25E-41DE-4456-A468-B54DCAA9CED6}.Debug|Any CPU.ActiveCfg = Debug|Any CPU
		{B22FD25E-41DE-4456-A468-B54DCAA9CED6}.Debug|Any CPU.Build.0 = Debug|Any CPU
		{B22FD25E-41DE-4456-A468-B54DCAA9CED6}.Release|Any CPU.ActiveCfg = Release|Any CPU
		{B22FD25E-41DE-4456-A468-B54DCAA9CED6}.Release|Any CPU.Build.0 = Release|Any CPU
		{651C3D83-EC11-4EB0-848C-C29906169812}.Debug|Any CPU.ActiveCfg = Debug|Any CPU
		{651C3D83-EC11-4EB0-848C-C29906169812}.Debug|Any CPU.Build.0 = Debug|Any CPU
		{651C3D83-EC11-4EB0-848C-C29906169812}.Release|Any CPU.ActiveCfg = Release|Any CPU
		{651C3D83-EC11-4EB0-848C-C29906169812}.Release|Any CPU.Build.0 = Release|Any CPU
		{552CD3AD-509A-4F7E-B1B7-5C94CECFCBE2}.Debug|Any CPU.ActiveCfg = Debug|Any CPU
		{552CD3AD-509A-4F7E-B1B7-5C94CECFCBE2}.Debug|Any CPU.Build.0 = Debug|Any CPU
		{552CD3AD-509A-4F7E-B1B7-5C94CECFCBE2}.Release|Any CPU.ActiveCfg = Release|Any CPU
		{552CD3AD-509A-4F7E-B1B7-5C94CECFCBE2}.Release|Any CPU.Build.0 = Release|Any CPU
	EndGlobalSection
	GlobalSection(SolutionProperties) = preSolution
		HideSolutionNode = FALSE
	EndGlobalSection
	GlobalSection(ExtensibilityGlobals) = postSolution
		SolutionGuid = {38FC68CF-5E03-4DA7-8C86-8309CF1E8748}
	EndGlobalSection
EndGlobal
