
Microsoft Visual Studio Solution File, Format Version 12.00
# Visual Studio Version 16
VisualStudioVersion = 16.0.30002.166
MinimumVisualStudioVersion = 10.0.40219.1
Project("{FAE04EC0-301F-11D3-BF4B-00C04F79EFBC}") = "Program_for_exam", "Program_for_exam\Program_for_exam.csproj", "{3CF4515B-DC16-47BE-9762-A4AD0806ED54}"
EndProject
Global
	GlobalSection(SolutionConfigurationPlatforms) = preSolution
		Debug|Any CPU = Debug|Any CPU
		Release|Any CPU = Release|Any CPU
	EndGlobalSection
	GlobalSection(ProjectConfigurationPlatforms) = postSolution
		{3CF4515B-DC16-47BE-9762-A4AD0806ED54}.Debug|Any CPU.ActiveCfg = Debug|Any CPU
		{3CF4515B-DC16-47BE-9762-A4AD0806ED54}.Debug|Any CPU.Build.0 = Debug|Any CPU
		{3CF4515B-DC16-47BE-9762-A4AD0806ED54}.Release|Any CPU.ActiveCfg = Release|Any CPU
		{3CF4515B-DC16-47BE-9762-A4AD0806ED54}.Release|Any CPU.Build.0 = Release|Any CPU
	EndGlobalSection
	GlobalSection(SolutionProperties) = preSolution
		HideSolutionNode = FALSE
	EndGlobalSection
	GlobalSection(ExtensibilityGlobals) = postSolution
		SolutionGuid = {E0F37231-D096-4176-9A81-6E8EEBD52045}
	EndGlobalSection
EndGlobal
